
Microsoft Visual Studio Solution File, Format Version 12.00
# Visual Studio Version 17
VisualStudioVersion = 17.12.35707.178
MinimumVisualStudioVersion = 10.0.40219.1
Project("{FAE04EC0-301F-11D3-BF4B-00C04F79EFBC}") = "WFAMaasBordroProgrami.UI", "WFAMaasBordroProgrami.UI\WFAMaasBordroProgrami.UI.csproj", "{5DE074CA-6CE3-4274-8BD4-57300074B121}"
EndProject
Project("{FAE04EC0-301F-11D3-BF4B-00C04F79EFBC}") = "CLMaasBordro", "CLMaasBordro\CLMaasBordro.csproj", "{475E90D2-5951-4312-A6AD-E546ED657E68}"
EndProject
Global
	GlobalSection(SolutionConfigurationPlatforms) = preSolution
		Debug|Any CPU = Debug|Any CPU
		Release|Any CPU = Release|Any CPU
	EndGlobalSection
	GlobalSection(ProjectConfigurationPlatforms) = postSolution
		{5DE074CA-6CE3-4274-8BD4-57300074B121}.Debug|Any CPU.ActiveCfg = Debug|Any CPU
		{5DE074CA-6CE3-4274-8BD4-57300074B121}.Debug|Any CPU.Build.0 = Debug|Any CPU
		{5DE074CA-6CE3-4274-8BD4-57300074B121}.Release|Any CPU.ActiveCfg = Release|Any CPU
		{5DE074CA-6CE3-4274-8BD4-57300074B121}.Release|Any CPU.Build.0 = Release|Any CPU
		{475E90D2-5951-4312-A6AD-E546ED657E68}.Debug|Any CPU.ActiveCfg = Debug|Any CPU
		{475E90D2-5951-4312-A6AD-E546ED657E68}.Debug|Any CPU.Build.0 = Debug|Any CPU
		{475E90D2-5951-4312-A6AD-E546ED657E68}.Release|Any CPU.ActiveCfg = Release|Any CPU
		{475E90D2-5951-4312-A6AD-E546ED657E68}.Release|Any CPU.Build.0 = Release|Any CPU
	EndGlobalSection
	GlobalSection(SolutionProperties) = preSolution
		HideSolutionNode = FALSE
	EndGlobalSection
EndGlobal
